# THIS IS AN AUTOGENERATED FILE. DO NOT EDIT THIS FILE DIRECTLY.
# yarn lockfile v1


"@types/commander@^2.12.2":
  version "2.12.2"
  resolved "https://registry.npm.taobao.org/@types/commander/download/@types/commander-2.12.2.tgz#183041a23842d4281478fa5d23c5ca78e6fd08ae"
  integrity sha1-GDBBojhC1CgUePpdI8XKeOb9CK4=
  dependencies:
    commander "*"

"@types/fs-extra@^8.1.0":
  version "8.1.0"
  resolved "https://registry.npm.taobao.org/@types/fs-extra/download/@types/fs-extra-8.1.0.tgz#1114834b53c3914806cd03b3304b37b3bd221a4d"
  integrity sha1-ERSDS1PDkUgGzQOzMEs3s70iGk0=
  dependencies:
    "@types/node" "*"

"@types/node-fetch@^2.5.5":
  version "2.5.5"
  resolved "https://registry.npm.taobao.org/@types/node-fetch/download/@types/node-fetch-2.5.5.tgz?cache=0&sync_timestamp=1582589926082&other_urls=https%3A%2F%2Fregistry.npm.taobao.org%2F%40types%2Fnode-fetch%2Fdownload%2F%40types%2Fnode-fetch-2.5.5.tgz#cd264e20a81f4600a6c52864d38e7fef72485e92"
  integrity sha1-zSZOIKgfRgCmxShk045/73JIXpI=
  dependencies:
    "@types/node" "*"
    form-data "^3.0.0"

"@types/node@*":
  version "12.12.31"
  resolved "https://registry.npm.taobao.org/@types/node/download/@types/node-12.12.31.tgz?cache=0&sync_timestamp=1585118009210&other_urls=https%3A%2F%2Fregistry.npm.taobao.org%2F%40types%2Fnode%2Fdownload%2F%40types%2Fnode-12.12.31.tgz#d6b4f9645fee17f11319b508fb1001797425da51"
  integrity sha1-1rT5ZF/uF/ETGbUI+xABeXQl2lE=

"@types/urijs@^1.19.7":
  version "1.19.7"
  resolved "https://registry.npm.taobao.org/@types/urijs/download/@types/urijs-1.19.7.tgz#94dae48b40300135db8cc3796b12252850383193"
  integrity sha1-lNrki0AwATXbjMN5axIlKFA4MZM=

asynckit@^0.4.0:
  version "0.4.0"
  resolved "https://registry.npm.taobao.org/asynckit/download/asynckit-0.4.0.tgz#c79ed97f7f34cb8f2ba1bc9790bcc366474b4b79"
  integrity sha1-x57Zf380y48robyXkLzDZkdLS3k=

combined-stream@^1.0.8:
  version "1.0.8"
  resolved "https://registry.npm.taobao.org/combined-stream/download/combined-stream-1.0.8.tgz#c3d45a8b34fd730631a110a8a2520682b31d5a7f"
  integrity sha1-w9RaizT9cwYxoRCoolIGgrMdWn8=
  dependencies:
    delayed-stream "~1.0.0"

commander@*:
  version "5.0.0"
  resolved "https://registry.npm.taobao.org/commander/download/commander-5.0.0.tgz?cache=0&sync_timestamp=1584148318639&other_urls=https%3A%2F%2Fregistry.npm.taobao.org%2Fcommander%2Fdownload%2Fcommander-5.0.0.tgz#dbf1909b49e5044f8fdaf0adc809f0c0722bdfd0"
  integrity sha1-2/GQm0nlBE+P2vCtyAnwwHIr39A=

commander@^2.17.1:
  version "2.17.1"
  resolved "http://registry.npm.taobao.org/commander/download/commander-2.17.1.tgz#bd77ab7de6de94205ceacc72f1716d29f20a77bf"

delayed-stream@~1.0.0:
  version "1.0.0"
  resolved "https://registry.npm.taobao.org/delayed-stream/download/delayed-stream-1.0.0.tgz#df3ae199acadfb7d440aaae0b29e2272b24ec619"
  integrity sha1-3zrhmayt+31ECqrgsp4icrJOxhk=

form-data@^3.0.0:
  version "3.0.0"
  resolved "https://registry.npm.taobao.org/form-data/download/form-data-3.0.0.tgz?cache=0&sync_timestamp=1573027118125&other_urls=https%3A%2F%2Fregistry.npm.taobao.org%2Fform-data%2Fdownload%2Fform-data-3.0.0.tgz#31b7e39c85f1355b7139ee0c647cf0de7f83c682"
  integrity sha1-MbfjnIXxNVtxOe4MZHzw3n+DxoI=
  dependencies:
    asynckit "^0.4.0"
    combined-stream "^1.0.8"
    mime-types "^2.1.12"

fs-extra@^8.1.0:
  version "8.1.0"
  resolved "https://registry.yarnpkg.com/fs-extra/-/fs-extra-8.1.0.tgz#49d43c45a88cd9677668cb7be1b46efdb8d2e1c0"
  integrity sha512-yhlQgA6mnOJUKOsRUFsgJdQCvkKhcz8tlZG5HBQfReYZy46OwLcY+Zia0mtdHsOo9y/hP+CxMN0TU9QxoOtG4g==
  dependencies:
    graceful-fs "^4.2.0"
    jsonfile "^4.0.0"
    universalify "^0.1.0"

graceful-fs@^4.1.6, graceful-fs@^4.2.0:
  version "4.2.3"
  resolved "https://registry.yarnpkg.com/graceful-fs/-/graceful-fs-4.2.3.tgz#4a12ff1b60376ef09862c2093edd908328be8423"
  integrity sha512-a30VEBm4PEdx1dRB7MFK7BejejvCvBronbLjht+sHuGYj8PHs7M/5Z+rt5lw551vZ7yfTCj4Vuyy3mSJytDWRQ==

jsonfile@^4.0.0:
  version "4.0.0"
  resolved "https://registry.yarnpkg.com/jsonfile/-/jsonfile-4.0.0.tgz#8771aae0799b64076b76640fca058f9c10e33ecb"
  integrity sha1-h3Gq4HmbZAdrdmQPygWPnBDjPss=
  optionalDependencies:
    graceful-fs "^4.1.6"

mime-db@1.43.0:
  version "1.43.0"
  resolved "https://registry.npm.taobao.org/mime-db/download/mime-db-1.43.0.tgz?cache=0&sync_timestamp=1578281104943&other_urls=https%3A%2F%2Fregistry.npm.taobao.org%2Fmime-db%2Fdownload%2Fmime-db-1.43.0.tgz#0a12e0502650e473d735535050e7c8f4eb4fae58"
  integrity sha1-ChLgUCZQ5HPXNVNQUOfI9OtPrlg=

mime-types@^2.1.12:
  version "2.1.26"
  resolved "https://registry.npm.taobao.org/mime-types/download/mime-types-2.1.26.tgz?cache=0&sync_timestamp=1578282585871&other_urls=https%3A%2F%2Fregistry.npm.taobao.org%2Fmime-types%2Fdownload%2Fmime-types-2.1.26.tgz#9c921fc09b7e149a65dfdc0da4d20997200b0a06"
  integrity sha1-nJIfwJt+FJpl39wNpNIJlyALCgY=
  dependencies:
    mime-db "1.43.0"

node-fetch@^2.6.1:
  version "2.6.1"
  resolved "https://registry.npm.taobao.org/node-fetch/download/node-fetch-2.6.1.tgz?cache=0&sync_timestamp=1599309179354&other_urls=https%3A%2F%2Fregistry.npm.taobao.org%2Fnode-fetch%2Fdownload%2Fnode-fetch-2.6.1.tgz#045bd323631f76ed2e2b55573394416b639a0052"
  integrity sha1-BFvTI2Mfdu0uK1VXM5RBa2OaAFI=

typescript@^3.8.3:
  version "3.8.3"
  resolved "https://registry.npm.taobao.org/typescript/download/typescript-3.8.3.tgz?cache=0&sync_timestamp=1585206896692&other_urls=https%3A%2F%2Fregistry.npm.taobao.org%2Ftypescript%2Fdownload%2Ftypescript-3.8.3.tgz#409eb8544ea0335711205869ec458ab109ee1061"
  integrity sha1-QJ64VE6gM1cRIFhp7EWKsQnuEGE=

universalify@^0.1.0:
  version "0.1.2"
  resolved "https://registry.yarnpkg.com/universalify/-/universalify-0.1.2.tgz#b646f69be3942dabcecc9d6639c80dc105efaa66"
  integrity sha512-rBJeI5CXAlmy1pV+617WB9J63U6XcazHHF2f2dbJix4XzpUF0RS3Zbj0FGIOCAva5P/d/GBOYaACQ1w+0azUkg==

urijs@^1.19.5:
  version "1.19.5"
  resolved "https://registry.npm.taobao.org/urijs/download/urijs-1.19.5.tgz#119683ab4b2fb0bd637e5ea6dd9117bcac68d3e4"
  integrity sha1-EZaDq0svsL1jfl6m3ZEXvKxo0+Q=
